Microsoft Visual Studio Solution File, Format Version 12.00
# Visual Studio Version 17
VisualStudioVersion = 17.5.2.0
MinimumVisualStudioVersion = 10.0.40219.1
Project("{FAE04EC0-301F-11D3-BF4B-00C04F79EFBC}") = "TespitSozluk.API", "TespitSozluk.API.csproj", "{296C824E-6F84-FFF4-B96D-11FC4AE86AF5}"
EndProject
Global
	GlobalSection(SolutionConfigurationPlatforms) = preSolution
		Debug|Any CPU = Debug|Any CPU
		Release|Any CPU = Release|Any CPU
	EndGlobalSection
	GlobalSection(ProjectConfigurationPlatforms) = postSolution
		{296C824E-6F84-FFF4-B96D-11FC4AE86AF5}.Debug|Any CPU.ActiveCfg = Debug|Any CPU
		{296C824E-6F84-FFF4-B96D-11FC4AE86AF5}.Debug|Any CPU.Build.0 = Debug|Any CPU
		{296C824E-6F84-FFF4-B96D-11FC4AE86AF5}.Release|Any CPU.ActiveCfg = Release|Any CPU
		{296C824E-6F84-FFF4-B96D-11FC4AE86AF5}.Release|Any CPU.Build.0 = Release|Any CPU
	EndGlobalSection
	GlobalSection(SolutionProperties) = preSolution
		HideSolutionNode = FALSE
	EndGlobalSection
	GlobalSection(ExtensibilityGlobals) = postSolution
		SolutionGuid = {48162A39-7400-410E-A212-17B8E6976AA9}
	EndGlobalSection
EndGlobal
